
Microsoft Visual Studio Solution File, Format Version 12.00
# Visual Studio Version 17
VisualStudioVersion = 17.4.33110.190
MinimumVisualStudioVersion = 10.0.40219.1
Project("{FAE04EC0-301F-11D3-BF4B-00C04F79EFBC}") = "EmployeWageComputation", "EmployeWageComputation\EmployeWageComputation.csproj", "{33C002EE-1C26-4293-A6D2-775D72B5EF43}"
EndProject
Global
	GlobalSection(SolutionConfigurationPlatforms) = preSolution
		Debug|Any CPU = Debug|Any CPU
		Release|Any CPU = Release|Any CPU
	EndGlobalSection
	GlobalSection(ProjectConfigurationPlatforms) = postSolution
		{33C002EE-1C26-4293-A6D2-775D72B5EF43}.Debug|Any CPU.ActiveCfg = Debug|Any CPU
		{33C002EE-1C26-4293-A6D2-775D72B5EF43}.Debug|Any CPU.Build.0 = Debug|Any CPU
		{33C002EE-1C26-4293-A6D2-775D72B5EF43}.Release|Any CPU.ActiveCfg = Release|Any CPU
		{33C002EE-1C26-4293-A6D2-775D72B5EF43}.Release|Any CPU.Build.0 = Release|Any CPU
	EndGlobalSection
	GlobalSection(SolutionProperties) = preSolution
		HideSolutionNode = FALSE
	EndGlobalSection
	GlobalSection(ExtensibilityGlobals) = postSolution
		SolutionGuid = {E5B1940B-012E-419E-B018-A3FC711A7FE3}
	EndGlobalSection
EndGlobal
